
Microsoft Visual Studio Solution File, Format Version 12.00
# Visual Studio Version 17
VisualStudioVersion = 17.2.32616.157
MinimumVisualStudioVersion = 10.0.40219.1
Project("{FAE04EC0-301F-11D3-BF4B-00C04F79EFBC}") = "Exeption_Example", "Exeption_Example\Exeption_Example.csproj", "{EA065203-E9E3-496D-B493-6BC9B1B0BAAF}"
EndProject
Global
	GlobalSection(SolutionConfigurationPlatforms) = preSolution
		Debug|Any CPU = Debug|Any CPU
		Release|Any CPU = Release|Any CPU
	EndGlobalSection
	GlobalSection(ProjectConfigurationPlatforms) = postSolution
		{EA065203-E9E3-496D-B493-6BC9B1B0BAAF}.Debug|Any CPU.ActiveCfg = Debug|Any CPU
		{EA065203-E9E3-496D-B493-6BC9B1B0BAAF}.Debug|Any CPU.Build.0 = Debug|Any CPU
		{EA065203-E9E3-496D-B493-6BC9B1B0BAAF}.Release|Any CPU.ActiveCfg = Release|Any CPU
		{EA065203-E9E3-496D-B493-6BC9B1B0BAAF}.Release|Any CPU.Build.0 = Release|Any CPU
	EndGlobalSection
	GlobalSection(SolutionProperties) = preSolution
		HideSolutionNode = FALSE
	EndGlobalSection
	GlobalSection(ExtensibilityGlobals) = postSolution
		SolutionGuid = {073E9AB5-C0F8-403C-AF70-C07E38DF5C3F}
	EndGlobalSection
EndGlobal
