
Microsoft Visual Studio Solution File, Format Version 12.00
# Visual Studio Version 17
VisualStudioVersion = 17.2.32616.157
MinimumVisualStudioVersion = 10.0.40219.1
Project("{FAE04EC0-301F-11D3-BF4B-00C04F79EFBC}") = "for_Example", "for_Example\for_Example.csproj", "{38048CB1-B95E-47B2-BB22-A1A774FC859C}"
EndProject
Global
	GlobalSection(SolutionConfigurationPlatforms) = preSolution
		Debug|Any CPU = Debug|Any CPU
		Release|Any CPU = Release|Any CPU
	EndGlobalSection
	GlobalSection(ProjectConfigurationPlatforms) = postSolution
		{38048CB1-B95E-47B2-BB22-A1A774FC859C}.Debug|Any CPU.ActiveCfg = Debug|Any CPU
		{38048CB1-B95E-47B2-BB22-A1A774FC859C}.Debug|Any CPU.Build.0 = Debug|Any CPU
		{38048CB1-B95E-47B2-BB22-A1A774FC859C}.Release|Any CPU.ActiveCfg = Release|Any CPU
		{38048CB1-B95E-47B2-BB22-A1A774FC859C}.Release|Any CPU.Build.0 = Release|Any CPU
	EndGlobalSection
	GlobalSection(SolutionProperties) = preSolution
		HideSolutionNode = FALSE
	EndGlobalSection
	GlobalSection(ExtensibilityGlobals) = postSolution
		SolutionGuid = {FF527798-24BC-4874-AE20-DFB8203C2B5E}
	EndGlobalSection
EndGlobal
