
Microsoft Visual Studio Solution File, Format Version 12.00
# Visual Studio Version 17
VisualStudioVersion = 17.2.32616.157
MinimumVisualStudioVersion = 10.0.40219.1
Project("{FAE04EC0-301F-11D3-BF4B-00C04F79EFBC}") = "if-example", "if-example\if-example.csproj", "{DE10824D-22E8-4CF0-93AB-0DD3424BB5DA}"
EndProject
Global
	GlobalSection(SolutionConfigurationPlatforms) = preSolution
		Debug|Any CPU = Debug|Any CPU
		Release|Any CPU = Release|Any CPU
	EndGlobalSection
	GlobalSection(ProjectConfigurationPlatforms) = postSolution
		{DE10824D-22E8-4CF0-93AB-0DD3424BB5DA}.Debug|Any CPU.ActiveCfg = Debug|Any CPU
		{DE10824D-22E8-4CF0-93AB-0DD3424BB5DA}.Debug|Any CPU.Build.0 = Debug|Any CPU
		{DE10824D-22E8-4CF0-93AB-0DD3424BB5DA}.Release|Any CPU.ActiveCfg = Release|Any CPU
		{DE10824D-22E8-4CF0-93AB-0DD3424BB5DA}.Release|Any CPU.Build.0 = Release|Any CPU
	EndGlobalSection
	GlobalSection(SolutionProperties) = preSolution
		HideSolutionNode = FALSE
	EndGlobalSection
	GlobalSection(ExtensibilityGlobals) = postSolution
		SolutionGuid = {C8B7786A-AB9B-4216-8A4A-DA0ABB99108B}
	EndGlobalSection
EndGlobal
