
Microsoft Visual Studio Solution File, Format Version 12.00
# Visual Studio Version 17
VisualStudioVersion = 17.2.32616.157
MinimumVisualStudioVersion = 10.0.40219.1
Project("{FAE04EC0-301F-11D3-BF4B-00C04F79EFBC}") = "ConsoleApp2", "ConsoleApp2\ConsoleApp2.csproj", "{91F68B1C-2355-4435-B5A4-49067081C81E}"
EndProject
Global
	GlobalSection(SolutionConfigurationPlatforms) = preSolution
		Debug|Any CPU = Debug|Any CPU
		Release|Any CPU = Release|Any CPU
	EndGlobalSection
	GlobalSection(ProjectConfigurationPlatforms) = postSolution
		{91F68B1C-2355-4435-B5A4-49067081C81E}.Debug|Any CPU.ActiveCfg = Debug|Any CPU
		{91F68B1C-2355-4435-B5A4-49067081C81E}.Debug|Any CPU.Build.0 = Debug|Any CPU
		{91F68B1C-2355-4435-B5A4-49067081C81E}.Release|Any CPU.ActiveCfg = Release|Any CPU
		{91F68B1C-2355-4435-B5A4-49067081C81E}.Release|Any CPU.Build.0 = Release|Any CPU
	EndGlobalSection
	GlobalSection(SolutionProperties) = preSolution
		HideSolutionNode = FALSE
	EndGlobalSection
	GlobalSection(ExtensibilityGlobals) = postSolution
		SolutionGuid = {98AAEF57-1ABD-4D06-A081-9023A6A7C17D}
	EndGlobalSection
EndGlobal
